
Microsoft Visual Studio Solution File, Format Version 12.00
# Visual Studio Version 17
VisualStudioVersion = 17.7.34221.43
MinimumVisualStudioVersion = 10.0.40219.1
Project("{8BC9CEB8-8B4A-11D0-8D11-00A0C91BC942}") = "DataTypes", "DataTypes\DataTypes.vcxproj", "{E79FBEA7-DBA7-4206-8EC9-3B7A71AE1934}"
EndProject
Project("{8BC9CEB8-8B4A-11D0-8D11-00A0C91BC942}") = "HomeWork", "HomeWork\HomeWork.vcxproj", "{8B37B434-A3FD-4E98-9C61-4BC3A3DB569D}"
EndProject
Project("{8BC9CEB8-8B4A-11D0-8D11-00A0C91BC942}") = "Constants", "Constans\Constans.vcxproj", "{872780F6-DC26-4C49-8268-F15C449CA45C}"
EndProject
Project("{8BC9CEB8-8B4A-11D0-8D11-00A0C91BC942}") = "Operators", "Operators\Operators.vcxproj", "{01A49D99-FEFF-43EF-860B-AD564ADEF517}"
EndProject
Project("{8BC9CEB8-8B4A-11D0-8D11-00A0C91BC942}") = "ControlStructures", "ControlStructures\ControlStructures.vcxproj", "{283E7B07-7F93-455E-B623-CB56F37AF6B0}"
EndProject
Project("{8BC9CEB8-8B4A-11D0-8D11-00A0C91BC942}") = "Calc", "Calk\Calk.vcxproj", "{471EBF79-9794-491B-A461-464B0BB48457}"
EndProject
Project("{8BC9CEB8-8B4A-11D0-8D11-00A0C91BC942}") = "Loops", "Loops\Loops.vcxproj", "{42280B58-03E7-4B29-A449-A8B4D31283E3}"
EndProject
Project("{8BC9CEB8-8B4A-11D0-8D11-00A0C91BC942}") = "Palindrome", "Palindrome\Palindrome.vcxproj", "{8CAAB303-4225-46CB-B771-F46A48B1C067}"
EndProject
Project("{8BC9CEB8-8B4A-11D0-8D11-00A0C91BC942}") = "FOR", "FOR\FOR.vcxproj", "{E43E077E-E667-4BC9-B77B-A99133902DB1}"
EndProject
Project("{8BC9CEB8-8B4A-11D0-8D11-00A0C91BC942}") = "WHILE", "Project1\Project1.vcxproj", "{579D77F9-0569-4807-A1CC-949FC5E54551}"
EndProject
Project("{8BC9CEB8-8B4A-11D0-8D11-00A0C91BC942}") = "Ticket", "Ticket\Ticket.vcxproj", "{B921A7E2-B157-43DC-8C87-F14ACCC64503}"
EndProject
Project("{8BC9CEB8-8B4A-11D0-8D11-00A0C91BC942}") = "Shooter", "Shooter\Shooter.vcxproj", "{08EBE83B-BA4F-4B0C-BCFC-D4DF0B569CBA}"
EndProject
Project("{8BC9CEB8-8B4A-11D0-8D11-00A0C91BC942}") = "FIBONACHI", "FIBONACHI\FIBONACHI.vcxproj", "{F51E0084-F27E-4F13-B59E-7082675C7512}"
EndProject
Project("{8BC9CEB8-8B4A-11D0-8D11-00A0C91BC942}") = "DOSKA", "DOSKA\DOSKA.vcxproj", "{2E55DC83-DB07-4E6E-85E3-ECD80F8E0DB5}"
EndProject
Project("{8BC9CEB8-8B4A-11D0-8D11-00A0C91BC942}") = "PASKAL", "PASKAL\PASKAL.vcxproj", "{981F2100-1DA1-4DA2-BFF7-12A0C6D8AD5E}"
EndProject
Global
	GlobalSection(SolutionConfigurationPlatforms) = preSolution
		Debug|x64 = Debug|x64
		Debug|x86 = Debug|x86
		Release|x64 = Release|x64
		Release|x86 = Release|x86
	EndGlobalSection
	GlobalSection(ProjectConfigurationPlatforms) = postSolution
		{E79FBEA7-DBA7-4206-8EC9-3B7A71AE1934}.Debug|x64.ActiveCfg = Debug|x64
		{E79FBEA7-DBA7-4206-8EC9-3B7A71AE1934}.Debug|x64.Build.0 = Debug|x64
		{E79FBEA7-DBA7-4206-8EC9-3B7A71AE1934}.Debug|x86.ActiveCfg = Debug|Win32
		{E79FBEA7-DBA7-4206-8EC9-3B7A71AE1934}.Debug|x86.Build.0 = Debug|Win32
		{E79FBEA7-DBA7-4206-8EC9-3B7A71AE1934}.Release|x64.ActiveCfg = Release|x64
		{E79FBEA7-DBA7-4206-8EC9-3B7A71AE1934}.Release|x64.Build.0 = Release|x64
		{E79FBEA7-DBA7-4206-8EC9-3B7A71AE1934}.Release|x86.ActiveCfg = Release|Win32
		{E79FBEA7-DBA7-4206-8EC9-3B7A71AE1934}.Release|x86.Build.0 = Release|Win32
		{8B37B434-A3FD-4E98-9C61-4BC3A3DB569D}.Debug|x64.ActiveCfg = Debug|x64
		{8B37B434-A3FD-4E98-9C61-4BC3A3DB569D}.Debug|x64.Build.0 = Debug|x64
		{8B37B434-A3FD-4E98-9C61-4BC3A3DB569D}.Debug|x86.ActiveCfg = Debug|Win32
		{8B37B434-A3FD-4E98-9C61-4BC3A3DB569D}.Debug|x86.Build.0 = Debug|Win32
		{8B37B434-A3FD-4E98-9C61-4BC3A3DB569D}.Release|x64.ActiveCfg = Release|x64
		{8B37B434-A3FD-4E98-9C61-4BC3A3DB569D}.Release|x64.Build.0 = Release|x64
		{8B37B434-A3FD-4E98-9C61-4BC3A3DB569D}.Release|x86.ActiveCfg = Release|Win32
		{8B37B434-A3FD-4E98-9C61-4BC3A3DB569D}.Release|x86.Build.0 = Release|Win32
		{872780F6-DC26-4C49-8268-F15C449CA45C}.Debug|x64.ActiveCfg = Debug|x64
		{872780F6-DC26-4C49-8268-F15C449CA45C}.Debug|x64.Build.0 = Debug|x64
		{872780F6-DC26-4C49-8268-F15C449CA45C}.Debug|x86.ActiveCfg = Debug|Win32
		{872780F6-DC26-4C49-8268-F15C449CA45C}.Debug|x86.Build.0 = Debug|Win32
		{872780F6-DC26-4C49-8268-F15C449CA45C}.Release|x64.ActiveCfg = Release|x64
		{872780F6-DC26-4C49-8268-F15C449CA45C}.Release|x64.Build.0 = Release|x64
		{872780F6-DC26-4C49-8268-F15C449CA45C}.Release|x86.ActiveCfg = Release|Win32
		{872780F6-DC26-4C49-8268-F15C449CA45C}.Release|x86.Build.0 = Release|Win32
		{01A49D99-FEFF-43EF-860B-AD564ADEF517}.Debug|x64.ActiveCfg = Debug|x64
		{01A49D99-FEFF-43EF-860B-AD564ADEF517}.Debug|x64.Build.0 = Debug|x64
		{01A49D99-FEFF-43EF-860B-AD564ADEF517}.Debug|x86.ActiveCfg = Debug|Win32
		{01A49D99-FEFF-43EF-860B-AD564ADEF517}.Debug|x86.Build.0 = Debug|Win32
		{01A49D99-FEFF-43EF-860B-AD564ADEF517}.Release|x64.ActiveCfg = Release|x64
		{01A49D99-FEFF-43EF-860B-AD564ADEF517}.Release|x64.Build.0 = Release|x64
		{01A49D99-FEFF-43EF-860B-AD564ADEF517}.Release|x86.ActiveCfg = Release|Win32
		{01A49D99-FEFF-43EF-860B-AD564ADEF517}.Release|x86.Build.0 = Release|Win32
		{283E7B07-7F93-455E-B623-CB56F37AF6B0}.Debug|x64.ActiveCfg = Debug|x64
		{283E7B07-7F93-455E-B623-CB56F37AF6B0}.Debug|x64.Build.0 = Debug|x64
		{283E7B07-7F93-455E-B623-CB56F37AF6B0}.Debug|x86.ActiveCfg = Debug|Win32
		{283E7B07-7F93-455E-B623-CB56F37AF6B0}.Debug|x86.Build.0 = Debug|Win32
		{283E7B07-7F93-455E-B623-CB56F37AF6B0}.Release|x64.ActiveCfg = Release|x64
		{283E7B07-7F93-455E-B623-CB56F37AF6B0}.Release|x64.Build.0 = Release|x64
		{283E7B07-7F93-455E-B623-CB56F37AF6B0}.Release|x86.ActiveCfg = Release|Win32
		{283E7B07-7F93-455E-B623-CB56F37AF6B0}.Release|x86.Build.0 = Release|Win32
		{471EBF79-9794-491B-A461-464B0BB48457}.Debug|x64.ActiveCfg = Debug|x64
		{471EBF79-9794-491B-A461-464B0BB48457}.Debug|x64.Build.0 = Debug|x64
		{471EBF79-9794-491B-A461-464B0BB48457}.Debug|x86.ActiveCfg = Debug|Win32
		{471EBF79-9794-491B-A461-464B0BB48457}.Debug|x86.Build.0 = Debug|Win32
		{471EBF79-9794-491B-A461-464B0BB48457}.Release|x64.ActiveCfg = Release|x64
		{471EBF79-9794-491B-A461-464B0BB48457}.Release|x64.Build.0 = Release|x64
		{471EBF79-9794-491B-A461-464B0BB48457}.Release|x86.ActiveCfg = Release|Win32
		{471EBF79-9794-491B-A461-464B0BB48457}.Release|x86.Build.0 = Release|Win32
		{42280B58-03E7-4B29-A449-A8B4D31283E3}.Debug|x64.ActiveCfg = Debug|x64
		{42280B58-03E7-4B29-A449-A8B4D31283E3}.Debug|x64.Build.0 = Debug|x64
		{42280B58-03E7-4B29-A449-A8B4D31283E3}.Debug|x86.ActiveCfg = Debug|Win32
		{42280B58-03E7-4B29-A449-A8B4D31283E3}.Debug|x86.Build.0 = Debug|Win32
		{42280B58-03E7-4B29-A449-A8B4D31283E3}.Release|x64.ActiveCfg = Release|x64
		{42280B58-03E7-4B29-A449-A8B4D31283E3}.Release|x64.Build.0 = Release|x64
		{42280B58-03E7-4B29-A449-A8B4D31283E3}.Release|x86.ActiveCfg = Release|Win32
		{42280B58-03E7-4B29-A449-A8B4D31283E3}.Release|x86.Build.0 = Release|Win32
		{8CAAB303-4225-46CB-B771-F46A48B1C067}.Debug|x64.ActiveCfg = Debug|x64
		{8CAAB303-4225-46CB-B771-F46A48B1C067}.Debug|x64.Build.0 = Debug|x64
		{8CAAB303-4225-46CB-B771-F46A48B1C067}.Debug|x86.ActiveCfg = Debug|Win32
		{8CAAB303-4225-46CB-B771-F46A48B1C067}.Debug|x86.Build.0 = Debug|Win32
		{8CAAB303-4225-46CB-B771-F46A48B1C067}.Release|x64.ActiveCfg = Release|x64
		{8CAAB303-4225-46CB-B771-F46A48B1C067}.Release|x64.Build.0 = Release|x64
		{8CAAB303-4225-46CB-B771-F46A48B1C067}.Release|x86.ActiveCfg = Release|Win32
		{8CAAB303-4225-46CB-B771-F46A48B1C067}.Release|x86.Build.0 = Release|Win32
		{E43E077E-E667-4BC9-B77B-A99133902DB1}.Debug|x64.ActiveCfg = Debug|x64
		{E43E077E-E667-4BC9-B77B-A99133902DB1}.Debug|x64.Build.0 = Debug|x64
		{E43E077E-E667-4BC9-B77B-A99133902DB1}.Debug|x86.ActiveCfg = Debug|Win32
		{E43E077E-E667-4BC9-B77B-A99133902DB1}.Debug|x86.Build.0 = Debug|Win32
		{E43E077E-E667-4BC9-B77B-A99133902DB1}.Release|x64.ActiveCfg = Release|x64
		{E43E077E-E667-4BC9-B77B-A99133902DB1}.Release|x64.Build.0 = Release|x64
		{E43E077E-E667-4BC9-B77B-A99133902DB1}.Release|x86.ActiveCfg = Release|Win32
		{E43E077E-E667-4BC9-B77B-A99133902DB1}.Release|x86.Build.0 = Release|Win32
		{579D77F9-0569-4807-A1CC-949FC5E54551}.Debug|x64.ActiveCfg = Debug|x64
		{579D77F9-0569-4807-A1CC-949FC5E54551}.Debug|x64.Build.0 = Debug|x64
		{579D77F9-0569-4807-A1CC-949FC5E54551}.Debug|x86.ActiveCfg = Debug|Win32
		{579D77F9-0569-4807-A1CC-949FC5E54551}.Debug|x86.Build.0 = Debug|Win32
		{579D77F9-0569-4807-A1CC-949FC5E54551}.Release|x64.ActiveCfg = Release|x64
		{579D77F9-0569-4807-A1CC-949FC5E54551}.Release|x64.Build.0 = Release|x64
		{579D77F9-0569-4807-A1CC-949FC5E54551}.Release|x86.ActiveCfg = Release|Win32
		{579D77F9-0569-4807-A1CC-949FC5E54551}.Release|x86.Build.0 = Release|Win32
		{B921A7E2-B157-43DC-8C87-F14ACCC64503}.Debug|x64.ActiveCfg = Debug|x64
		{B921A7E2-B157-43DC-8C87-F14ACCC64503}.Debug|x64.Build.0 = Debug|x64
		{B921A7E2-B157-43DC-8C87-F14ACCC64503}.Debug|x86.ActiveCfg = Debug|Win32
		{B921A7E2-B157-43DC-8C87-F14ACCC64503}.Debug|x86.Build.0 = Debug|Win32
		{B921A7E2-B157-43DC-8C87-F14ACCC64503}.Release|x64.ActiveCfg = Release|x64
		{B921A7E2-B157-43DC-8C87-F14ACCC64503}.Release|x64.Build.0 = Release|x64
		{B921A7E2-B157-43DC-8C87-F14ACCC64503}.Release|x86.ActiveCfg = Release|Win32
		{B921A7E2-B157-43DC-8C87-F14ACCC64503}.Release|x86.Build.0 = Release|Win32
		{08EBE83B-BA4F-4B0C-BCFC-D4DF0B569CBA}.Debug|x64.ActiveCfg = Debug|x64
		{08EBE83B-BA4F-4B0C-BCFC-D4DF0B569CBA}.Debug|x64.Build.0 = Debug|x64
		{08EBE83B-BA4F-4B0C-BCFC-D4DF0B569CBA}.Debug|x86.ActiveCfg = Debug|Win32
		{08EBE83B-BA4F-4B0C-BCFC-D4DF0B569CBA}.Debug|x86.Build.0 = Debug|Win32
		{08EBE83B-BA4F-4B0C-BCFC-D4DF0B569CBA}.Release|x64.ActiveCfg = Release|x64
		{08EBE83B-BA4F-4B0C-BCFC-D4DF0B569CBA}.Release|x64.Build.0 = Release|x64
		{08EBE83B-BA4F-4B0C-BCFC-D4DF0B569CBA}.Release|x86.ActiveCfg = Release|Win32
		{08EBE83B-BA4F-4B0C-BCFC-D4DF0B569CBA}.Release|x86.Build.0 = Release|Win32
		{F51E0084-F27E-4F13-B59E-7082675C7512}.Debug|x64.ActiveCfg = Debug|x64
		{F51E0084-F27E-4F13-B59E-7082675C7512}.Debug|x64.Build.0 = Debug|x64
		{F51E0084-F27E-4F13-B59E-7082675C7512}.Debug|x86.ActiveCfg = Debug|Win32
		{F51E0084-F27E-4F13-B59E-7082675C7512}.Debug|x86.Build.0 = Debug|Win32
		{F51E0084-F27E-4F13-B59E-7082675C7512}.Release|x64.ActiveCfg = Release|x64
		{F51E0084-F27E-4F13-B59E-7082675C7512}.Release|x64.Build.0 = Release|x64
		{F51E0084-F27E-4F13-B59E-7082675C7512}.Release|x86.ActiveCfg = Release|Win32
		{F51E0084-F27E-4F13-B59E-7082675C7512}.Release|x86.Build.0 = Release|Win32
		{2E55DC83-DB07-4E6E-85E3-ECD80F8E0DB5}.Debug|x64.ActiveCfg = Debug|x64
		{2E55DC83-DB07-4E6E-85E3-ECD80F8E0DB5}.Debug|x64.Build.0 = Debug|x64
		{2E55DC83-DB07-4E6E-85E3-ECD80F8E0DB5}.Debug|x86.ActiveCfg = Debug|Win32
		{2E55DC83-DB07-4E6E-85E3-ECD80F8E0DB5}.Debug|x86.Build.0 = Debug|Win32
		{2E55DC83-DB07-4E6E-85E3-ECD80F8E0DB5}.Release|x64.ActiveCfg = Release|x64
		{2E55DC83-DB07-4E6E-85E3-ECD80F8E0DB5}.Release|x64.Build.0 = Release|x64
		{2E55DC83-DB07-4E6E-85E3-ECD80F8E0DB5}.Release|x86.ActiveCfg = Release|Win32
		{2E55DC83-DB07-4E6E-85E3-ECD80F8E0DB5}.Release|x86.Build.0 = Release|Win32
		{981F2100-1DA1-4DA2-BFF7-12A0C6D8AD5E}.Debug|x64.ActiveCfg = Debug|x64
		{981F2100-1DA1-4DA2-BFF7-12A0C6D8AD5E}.Debug|x64.Build.0 = Debug|x64
		{981F2100-1DA1-4DA2-BFF7-12A0C6D8AD5E}.Debug|x86.ActiveCfg = Debug|Win32
		{981F2100-1DA1-4DA2-BFF7-12A0C6D8AD5E}.Debug|x86.Build.0 = Debug|Win32
		{981F2100-1DA1-4DA2-BFF7-12A0C6D8AD5E}.Release|x64.ActiveCfg = Release|x64
		{981F2100-1DA1-4DA2-BFF7-12A0C6D8AD5E}.Release|x64.Build.0 = Release|x64
		{981F2100-1DA1-4DA2-BFF7-12A0C6D8AD5E}.Release|x86.ActiveCfg = Release|Win32
		{981F2100-1DA1-4DA2-BFF7-12A0C6D8AD5E}.Release|x86.Build.0 = Release|Win32
	EndGlobalSection
	GlobalSection(SolutionProperties) = preSolution
		HideSolutionNode = FALSE
	EndGlobalSection
	GlobalSection(ExtensibilityGlobals) = postSolution
		SolutionGuid = {30198E89-49DD-4FFB-ABB2-2F478EE087E5}
	EndGlobalSection
EndGlobal
